{
  "version": 4,
  "terraform_version": "1.9.8",
  "serial": 4,
  "lineage": "04c3d8d7-129e-18de-bb19-b05143f04ed8",
  "outputs": {},
  "resources": [
    {
      "mode": "managed",
      "type": "aws_vpc",
      "name": "VPCDEV01",
      "provider": "provider[\"registry.terraform.io/hashicorp/aws\"]",
      "instances": [
        {
          "schema_version": 1,
          "attributes": {
            "arn": "arn:aws:ec2:us-east-1:235494778301:vpc/vpc-0a5cbcc429316060e",
            "assign_generated_ipv6_cidr_block": false,
            "cidr_block": "10.1.0.0/16",
            "default_network_acl_id": "acl-0c9266fba6d5b9419",
            "default_route_table_id": "rtb-07184015e0e6a78f6",
            "default_security_group_id": "sg-02103591f89c1e0af",
            "dhcp_options_id": "dopt-06b3c5f6e17fbfcd9",
            "enable_dns_hostnames": false,
            "enable_dns_support": true,
            "enable_network_address_usage_metrics": false,
            "id": "vpc-0a5cbcc429316060e",
            "instance_tenancy": "default",
            "ipv4_ipam_pool_id": null,
            "ipv4_netmask_length": null,
            "ipv6_association_id": "",
            "ipv6_cidr_block": "",
            "ipv6_cidr_block_network_border_group": "",
            "ipv6_ipam_pool_id": "",
            "ipv6_netmask_length": 0,
            "main_route_table_id": "rtb-07184015e0e6a78f6",
            "owner_id": "235494778301",
            "tags": {
              "Name": "VPCDEV01"
            },
            "tags_all": {
              "Name": "VPCDEV01"
            }
          },
          "sensitive_attributes": [],
          "private": "eyJzY2hlbWFfdmVyc2lvbiI6IjEifQ=="
        }
      ]
    }
  ],
  "check_results": null
}
